
Microsoft Visual Studio Solution File, Format Version 12.00
# Visual Studio Version 17
VisualStudioVersion = 17.0.31903.59
MinimumVisualStudioVersion = 10.0.40219.1
Project("{FAE04EC0-301F-11D3-BF4B-00C04F79EFBC}") = "ContactManager.Core", "ContactManager.Core\ContactManager.Core.csproj", "{789B6544-DC89-42AE-91B6-6CC94FB7BC0A}"
EndProject
Project("{FAE04EC0-301F-11D3-BF4B-00C04F79EFBC}") = "ContactManager.CLI", "ContactManager.CLI\ContactManager.CLI.csproj", "{00F5D78D-ACFC-4C4E-854E-843F803F76CE}"
EndProject
Project("{FAE04EC0-301F-11D3-BF4B-00C04F79EFBC}") = "ContactManager.Tests", "ContactManager.Tests\ContactManager.Tests.csproj", "{845A09FB-92D1-4F3F-94F3-F80FAD24063E}"
EndProject
Global
	GlobalSection(SolutionConfigurationPlatforms) = preSolution
		Debug|Any CPU = Debug|Any CPU
		Release|Any CPU = Release|Any CPU
	EndGlobalSection
	GlobalSection(SolutionProperties) = preSolution
		HideSolutionNode = FALSE
	EndGlobalSection
	GlobalSection(ProjectConfigurationPlatforms) = postSolution
		{789B6544-DC89-42AE-91B6-6CC94FB7BC0A}.Debug|Any CPU.ActiveCfg = Debug|Any CPU
		{789B6544-DC89-42AE-91B6-6CC94FB7BC0A}.Debug|Any CPU.Build.0 = Debug|Any CPU
		{789B6544-DC89-42AE-91B6-6CC94FB7BC0A}.Release|Any CPU.ActiveCfg = Release|Any CPU
		{789B6544-DC89-42AE-91B6-6CC94FB7BC0A}.Release|Any CPU.Build.0 = Release|Any CPU
		{00F5D78D-ACFC-4C4E-854E-843F803F76CE}.Debug|Any CPU.ActiveCfg = Debug|Any CPU
		{00F5D78D-ACFC-4C4E-854E-843F803F76CE}.Debug|Any CPU.Build.0 = Debug|Any CPU
		{00F5D78D-ACFC-4C4E-854E-843F803F76CE}.Release|Any CPU.ActiveCfg = Release|Any CPU
		{00F5D78D-ACFC-4C4E-854E-843F803F76CE}.Release|Any CPU.Build.0 = Release|Any CPU
		{845A09FB-92D1-4F3F-94F3-F80FAD24063E}.Debug|Any CPU.ActiveCfg = Debug|Any CPU
		{845A09FB-92D1-4F3F-94F3-F80FAD24063E}.Debug|Any CPU.Build.0 = Debug|Any CPU
		{845A09FB-92D1-4F3F-94F3-F80FAD24063E}.Release|Any CPU.ActiveCfg = Release|Any CPU
		{845A09FB-92D1-4F3F-94F3-F80FAD24063E}.Release|Any CPU.Build.0 = Release|Any CPU
	EndGlobalSection
EndGlobal
